
Microsoft Visual Studio Solution File, Format Version 12.00
# Visual Studio Version 17
VisualStudioVersion = 17.8.34525.116
MinimumVisualStudioVersion = 10.0.40219.1
Project("{FAE04EC0-301F-11D3-BF4B-00C04F79EFBC}") = "Week14OOP", "Week14OOP\Week14OOP.csproj", "{EBB856DF-F3FC-4838-8E4E-A2CE96ACF7E3}"
EndProject
Global
	GlobalSection(SolutionConfigurationPlatforms) = preSolution
		Debug|Any CPU = Debug|Any CPU
		Release|Any CPU = Release|Any CPU
	EndGlobalSection
	GlobalSection(ProjectConfigurationPlatforms) = postSolution
		{EBB856DF-F3FC-4838-8E4E-A2CE96ACF7E3}.Debug|Any CPU.ActiveCfg = Debug|Any CPU
		{EBB856DF-F3FC-4838-8E4E-A2CE96ACF7E3}.Debug|Any CPU.Build.0 = Debug|Any CPU
		{EBB856DF-F3FC-4838-8E4E-A2CE96ACF7E3}.Release|Any CPU.ActiveCfg = Release|Any CPU
		{EBB856DF-F3FC-4838-8E4E-A2CE96ACF7E3}.Release|Any CPU.Build.0 = Release|Any CPU
	EndGlobalSection
	GlobalSection(SolutionProperties) = preSolution
		HideSolutionNode = FALSE
	EndGlobalSection
	GlobalSection(ExtensibilityGlobals) = postSolution
		SolutionGuid = {729BBAD6-6D45-4E64-A9E7-10F036981B9B}
	EndGlobalSection
EndGlobal
